
Microsoft Visual Studio Solution File, Format Version 12.00
# Visual Studio Version 17
VisualStudioVersion = 17.9.34723.18
MinimumVisualStudioVersion = 10.0.40219.1
Project("{9A19103F-16F7-4668-BE54-9A1E7A4F7556}") = "LIN.Access.Notes", "LIN.Access.Notes.csproj", "{6BEF2D4C-3DAE-4F3C-AE23-EBE550DB324C}"
EndProject
Global
	GlobalSection(SolutionConfigurationPlatforms) = preSolution
		Debug|Any CPU = Debug|Any CPU
		Release|Any CPU = Release|Any CPU
	EndGlobalSection
	GlobalSection(ProjectConfigurationPlatforms) = postSolution
		{6BEF2D4C-3DAE-4F3C-AE23-EBE550DB324C}.Debug|Any CPU.ActiveCfg = Debug|Any CPU
		{6BEF2D4C-3DAE-4F3C-AE23-EBE550DB324C}.Debug|Any CPU.Build.0 = Debug|Any CPU
		{6BEF2D4C-3DAE-4F3C-AE23-EBE550DB324C}.Release|Any CPU.ActiveCfg = Release|Any CPU
		{6BEF2D4C-3DAE-4F3C-AE23-EBE550DB324C}.Release|Any CPU.Build.0 = Release|Any CPU
	EndGlobalSection
	GlobalSection(SolutionProperties) = preSolution
		HideSolutionNode = FALSE
	EndGlobalSection
	GlobalSection(ExtensibilityGlobals) = postSolution
		SolutionGuid = {84F895C2-384F-4F01-BEC7-C6C99D5E084F}
	EndGlobalSection
EndGlobal
